Microsoft Visual Studio Solution File, Format Version 11.00
# Visual Studio 2008

Project("{17CFA486-2F5A-5B62-3EB5-E42D512312CF}") = "BasicMechanics", "Assembly-CSharp-vs.csproj", "{D6FFBDCE-70DD-C7DB-B56D-9C44A2D78A6A}"
EndProject
Project("{17CFA486-2F5A-5B62-3EB5-E42D512312CF}") = "BasicMechanics", "Assembly-CSharp-Editor-vs.csproj", "{BBB7585A-CA32-0AC1-FCCC-EFEA21389A56}"
EndProject
Global
	GlobalSection(SolutionConfigurationPlatforms) = preSolution
		Debug|Any CPU = Debug|Any CPU
		Release|Any CPU = Release|Any CPU
	EndGlobalSection
	GlobalSection(ProjectConfigurationPlatforms) = postSolution
		{D6FFBDCE-70DD-C7DB-B56D-9C44A2D78A6A}.Debug|Any CPU.ActiveCfg = Debug|Any CPU
		{D6FFBDCE-70DD-C7DB-B56D-9C44A2D78A6A}.Debug|Any CPU.Build.0 = Debug|Any CPU
		{D6FFBDCE-70DD-C7DB-B56D-9C44A2D78A6A}.Release|Any CPU.ActiveCfg = Release|Any CPU
		{D6FFBDCE-70DD-C7DB-B56D-9C44A2D78A6A}.Release|Any CPU.Build.0 = Release|Any CPU
		{BBB7585A-CA32-0AC1-FCCC-EFEA21389A56}.Debug|Any CPU.ActiveCfg = Debug|Any CPU
		{BBB7585A-CA32-0AC1-FCCC-EFEA21389A56}.Debug|Any CPU.Build.0 = Debug|Any CPU
		{BBB7585A-CA32-0AC1-FCCC-EFEA21389A56}.Release|Any CPU.ActiveCfg = Release|Any CPU
		{BBB7585A-CA32-0AC1-FCCC-EFEA21389A56}.Release|Any CPU.Build.0 = Release|Any CPU
	EndGlobalSection
	GlobalSection(SolutionProperties) = preSolution
		HideSolutionNode = FALSE
	EndGlobalSection
																																																	GlobalSection(MonoDevelopProperties) = preSolution
		StartupItem = Assembly-CSharp.csproj
		Policies = $0
		$0.TextStylePolicy = $1
		$1.inheritsSet = null
		$1.scope = text/x-csharp
		$0.CSharpFormattingPolicy = $2
		$2.inheritsSet = Mono
		$2.inheritsScope = text/x-csharp
		$2.scope = text/x-csharp
		$0.TextStylePolicy = $3
		$3.FileWidth = 120
		$3.TabWidth = 4
		$3.EolMarker = Unix
		$3.inheritsSet = Mono
		$3.inheritsScope = text/plain
		$3.scope = text/plain
	EndGlobalSection

EndGlobal
